
Microsoft Visual Studio Solution File, Format Version 12.00
# Visual Studio 2012
Project("{FAE04EC0-301F-11D3-BF4B-00C04F79EFBC}") = "iCirugias.Win", "iCirugias.Win\iCirugias.Win.csproj", "{4DA9855B-4BA8-4ECE-9375-3D601FE4B952}"
EndProject
Global
	GlobalSection(SolutionConfigurationPlatforms) = preSolution
		Debug|Any CPU = Debug|Any CPU
		Release|Any CPU = Release|Any CPU
	EndGlobalSection
	GlobalSection(ProjectConfigurationPlatforms) = postSolution
		{4DA9855B-4BA8-4ECE-9375-3D601FE4B952}.Debug|Any CPU.ActiveCfg = Debug|Any CPU
		{4DA9855B-4BA8-4ECE-9375-3D601FE4B952}.Debug|Any CPU.Build.0 = Debug|Any CPU
		{4DA9855B-4BA8-4ECE-9375-3D601FE4B952}.Release|Any CPU.ActiveCfg = Release|Any CPU
		{4DA9855B-4BA8-4ECE-9375-3D601FE4B952}.Release|Any CPU.Build.0 = Release|Any CPU
	EndGlobalSection
	GlobalSection(SolutionProperties) = preSolution
		HideSolutionNode = FALSE
	EndGlobalSection
EndGlobal
