
Microsoft Visual Studio Solution File, Format Version 12.00
# Visual Studio 2012
Project("{FAE04EC0-301F-11D3-BF4B-00C04F79EFBC}") = "iCirugias.WS", "iCirugias.WS\iCirugias.WS.csproj", "{D8787258-2588-4A70-A2ED-3B42EF6F76A7}"
EndProject
Project("{FAE04EC0-301F-11D3-BF4B-00C04F79EFBC}") = "iCirugias.Ayuda", "iCirugias.Ayuda\iCirugias.Ayuda.csproj", "{51666468-9407-4D2F-B057-84838E823B94}"
EndProject
Project("{FAE04EC0-301F-11D3-BF4B-00C04F79EFBC}") = "iCirugias.Data", "iCirugias.Data\iCirugias.Data.csproj", "{95CD7964-EC18-4E2D-9285-81661C501F99}"
EndProject
Global
	GlobalSection(SolutionConfigurationPlatforms) = preSolution
		Debug|Any CPU = Debug|Any CPU
		EasyTest|Any CPU = EasyTest|Any CPU
		Release|Any CPU = Release|Any CPU
	EndGlobalSection
	GlobalSection(ProjectConfigurationPlatforms) = postSolution
		{D8787258-2588-4A70-A2ED-3B42EF6F76A7}.Debug|Any CPU.ActiveCfg = Debug|Any CPU
		{D8787258-2588-4A70-A2ED-3B42EF6F76A7}.Debug|Any CPU.Build.0 = Debug|Any CPU
		{D8787258-2588-4A70-A2ED-3B42EF6F76A7}.EasyTest|Any CPU.ActiveCfg = Release|Any CPU
		{D8787258-2588-4A70-A2ED-3B42EF6F76A7}.EasyTest|Any CPU.Build.0 = Release|Any CPU
		{D8787258-2588-4A70-A2ED-3B42EF6F76A7}.Release|Any CPU.ActiveCfg = Release|Any CPU
		{D8787258-2588-4A70-A2ED-3B42EF6F76A7}.Release|Any CPU.Build.0 = Release|Any CPU
		{51666468-9407-4D2F-B057-84838E823B94}.Debug|Any CPU.ActiveCfg = Debug|Any CPU
		{51666468-9407-4D2F-B057-84838E823B94}.Debug|Any CPU.Build.0 = Debug|Any CPU
		{51666468-9407-4D2F-B057-84838E823B94}.EasyTest|Any CPU.ActiveCfg = Release|Any CPU
		{51666468-9407-4D2F-B057-84838E823B94}.EasyTest|Any CPU.Build.0 = Release|Any CPU
		{51666468-9407-4D2F-B057-84838E823B94}.Release|Any CPU.ActiveCfg = Release|Any CPU
		{51666468-9407-4D2F-B057-84838E823B94}.Release|Any CPU.Build.0 = Release|Any CPU
		{95CD7964-EC18-4E2D-9285-81661C501F99}.Debug|Any CPU.ActiveCfg = Debug|Any CPU
		{95CD7964-EC18-4E2D-9285-81661C501F99}.Debug|Any CPU.Build.0 = Debug|Any CPU
		{95CD7964-EC18-4E2D-9285-81661C501F99}.EasyTest|Any CPU.ActiveCfg = Release|Any CPU
		{95CD7964-EC18-4E2D-9285-81661C501F99}.EasyTest|Any CPU.Build.0 = Release|Any CPU
		{95CD7964-EC18-4E2D-9285-81661C501F99}.Release|Any CPU.ActiveCfg = Release|Any CPU
		{95CD7964-EC18-4E2D-9285-81661C501F99}.Release|Any CPU.Build.0 = Release|Any CPU
	EndGlobalSection
	GlobalSection(SolutionProperties) = preSolution
		HideSolutionNode = FALSE
	EndGlobalSection
EndGlobal
